
Microsoft Visual Studio Solution File, Format Version 12.00
# Visual Studio Version 17
VisualStudioVersion = 17.9.34607.119
MinimumVisualStudioVersion = 10.0.40219.1
Project("{2150E333-8FDC-42A3-9474-1A3956D46DE8}") = "FrontEnd", "FrontEnd", "{412B5041-CF1B-4587-9B1D-1601312635A3}"
EndProject
Project("{2150E333-8FDC-42A3-9474-1A3956D46DE8}") = "Services", "Services", "{1CFB5B3E-8EA9-4D54-B19B-8BEA997F05D7}"
EndProject
Project("{9A19103F-16F7-4668-BE54-9A1E7A4F7556}") = "GeekShopping.Web", "GeekShopping.Web\GeekShopping.Web.csproj", "{EB26E99F-3445-41CF-AECD-55C400E54368}"
EndProject
Project("{9A19103F-16F7-4668-BE54-9A1E7A4F7556}") = "GeekShopping.ProductAPI", "GeekShopping.ProductAPI\GeekShopping.ProductAPI.csproj", "{8E7CF562-D3DE-48A8-B982-F2161541D574}"
EndProject
Project("{FAE04EC0-301F-11D3-BF4B-00C04F79EFBC}") = "GeekShopping.IdentityServer", "GeekShopping.IdentityServer\GeekShopping.IdentityServer.csproj", "{554483F3-7324-44CD-8D98-CB31D202D8AB}"
EndProject
Global
	GlobalSection(SolutionConfigurationPlatforms) = preSolution
		Debug|Any CPU = Debug|Any CPU
		Release|Any CPU = Release|Any CPU
	EndGlobalSection
	GlobalSection(ProjectConfigurationPlatforms) = postSolution
		{EB26E99F-3445-41CF-AECD-55C400E54368}.Debug|Any CPU.ActiveCfg = Debug|Any CPU
		{EB26E99F-3445-41CF-AECD-55C400E54368}.Debug|Any CPU.Build.0 = Debug|Any CPU
		{EB26E99F-3445-41CF-AECD-55C400E54368}.Release|Any CPU.ActiveCfg = Release|Any CPU
		{EB26E99F-3445-41CF-AECD-55C400E54368}.Release|Any CPU.Build.0 = Release|Any CPU
		{8E7CF562-D3DE-48A8-B982-F2161541D574}.Debug|Any CPU.ActiveCfg = Debug|Any CPU
		{8E7CF562-D3DE-48A8-B982-F2161541D574}.Debug|Any CPU.Build.0 = Debug|Any CPU
		{8E7CF562-D3DE-48A8-B982-F2161541D574}.Release|Any CPU.ActiveCfg = Release|Any CPU
		{8E7CF562-D3DE-48A8-B982-F2161541D574}.Release|Any CPU.Build.0 = Release|Any CPU
		{554483F3-7324-44CD-8D98-CB31D202D8AB}.Debug|Any CPU.ActiveCfg = Debug|Any CPU
		{554483F3-7324-44CD-8D98-CB31D202D8AB}.Debug|Any CPU.Build.0 = Debug|Any CPU
		{554483F3-7324-44CD-8D98-CB31D202D8AB}.Release|Any CPU.ActiveCfg = Release|Any CPU
		{554483F3-7324-44CD-8D98-CB31D202D8AB}.Release|Any CPU.Build.0 = Release|Any CPU
	EndGlobalSection
	GlobalSection(SolutionProperties) = preSolution
		HideSolutionNode = FALSE
	EndGlobalSection
	GlobalSection(NestedProjects) = preSolution
		{EB26E99F-3445-41CF-AECD-55C400E54368} = {412B5041-CF1B-4587-9B1D-1601312635A3}
		{8E7CF562-D3DE-48A8-B982-F2161541D574} = {1CFB5B3E-8EA9-4D54-B19B-8BEA997F05D7}
		{554483F3-7324-44CD-8D98-CB31D202D8AB} = {1CFB5B3E-8EA9-4D54-B19B-8BEA997F05D7}
	EndGlobalSection
	GlobalSection(ExtensibilityGlobals) = postSolution
		SolutionGuid = {75B1BC60-DCE0-4603-B224-DEEF7E3E6D1C}
	EndGlobalSection
EndGlobal
